
Microsoft Visual Studio Solution File, Format Version 12.00
# Visual Studio 14
VisualStudioVersion = 14.0.25420.1
MinimumVisualStudioVersion = 10.0.40219.1
Project("{FAE04EC0-301F-11D3-BF4B-00C04F79EFBC}") = "MVCBlog.DAL", "MVCBlog.DAL\MVCBlog.DAL.csproj", "{186345F9-0B23-41B4-A2A2-2BDE68CFA22A}"
EndProject
Project("{FAE04EC0-301F-11D3-BF4B-00C04F79EFBC}") = "MVCBlog.Business", "MVCBlog.Business\MVCBlog.Business.csproj", "{9163FA15-70FD-4BE0-96E4-E84E4B94BC98}"
EndProject
Project("{FAE04EC0-301F-11D3-BF4B-00C04F79EFBC}") = "MVCBlog.UI.Web", "MVCBlog.UI.Web\MVCBlog.UI.Web.csproj", "{444EFB2B-2F55-4BCB-BE92-9231384C0BA1}"
EndProject
Global
	GlobalSection(SolutionConfigurationPlatforms) = preSolution
		Debug|Any CPU = Debug|Any CPU
		Release|Any CPU = Release|Any CPU
	EndGlobalSection
	GlobalSection(ProjectConfigurationPlatforms) = postSolution
		{186345F9-0B23-41B4-A2A2-2BDE68CFA22A}.Debug|Any CPU.ActiveCfg = Debug|Any CPU
		{186345F9-0B23-41B4-A2A2-2BDE68CFA22A}.Debug|Any CPU.Build.0 = Debug|Any CPU
		{186345F9-0B23-41B4-A2A2-2BDE68CFA22A}.Release|Any CPU.ActiveCfg = Release|Any CPU
		{186345F9-0B23-41B4-A2A2-2BDE68CFA22A}.Release|Any CPU.Build.0 = Release|Any CPU
		{9163FA15-70FD-4BE0-96E4-E84E4B94BC98}.Debug|Any CPU.ActiveCfg = Debug|Any CPU
		{9163FA15-70FD-4BE0-96E4-E84E4B94BC98}.Debug|Any CPU.Build.0 = Debug|Any CPU
		{9163FA15-70FD-4BE0-96E4-E84E4B94BC98}.Release|Any CPU.ActiveCfg = Release|Any CPU
		{9163FA15-70FD-4BE0-96E4-E84E4B94BC98}.Release|Any CPU.Build.0 = Release|Any CPU
		{444EFB2B-2F55-4BCB-BE92-9231384C0BA1}.Debug|Any CPU.ActiveCfg = Debug|Any CPU
		{444EFB2B-2F55-4BCB-BE92-9231384C0BA1}.Debug|Any CPU.Build.0 = Debug|Any CPU
		{444EFB2B-2F55-4BCB-BE92-9231384C0BA1}.Release|Any CPU.ActiveCfg = Release|Any CPU
		{444EFB2B-2F55-4BCB-BE92-9231384C0BA1}.Release|Any CPU.Build.0 = Release|Any CPU
	EndGlobalSection
	GlobalSection(SolutionProperties) = preSolution
		HideSolutionNode = FALSE
	EndGlobalSection
EndGlobal
